# THIS IS AN AUTOGENERATED FILE. DO NOT EDIT THIS FILE DIRECTLY.
# yarn lockfile v1


"@pixi/accessibility@6.2.0":
  version "6.2.0"
  resolved "https://registry.yarnpkg.com/@pixi/accessibility/-/accessibility-6.2.0.tgz#9124007d21907639769cbeb4bb6802ea768c31d5"
  integrity sha512-eih01Q8E+aI78ggJ/ONVPN6yK9L/P2XWu2DUJghhGlAaQ1vjlvZzGY2bfuZPwR2Dmake72qEoQY6hEGASjjV+w==

"@pixi/app@6.2.0":
  version "6.2.0"
  resolved "https://registry.yarnpkg.com/@pixi/app/-/app-6.2.0.tgz#4da1b522e3a44bcc8d041a7c448a9dd98bb03452"
  integrity sha512-X/VVB/Lk0VMXsdw+A15UIG8JlVU+yREWW2TSzto+ub0l3RjrphiHULhGUYE4/hbNC5RQzHC8j+lw3sBXItx1EQ==

"@pixi/compressed-textures@6.2.0":
  version "6.2.0"
  resolved "https://registry.yarnpkg.com/@pixi/compressed-textures/-/compressed-textures-6.2.0.tgz#5383090388ae795ae1ee803738b2435bb5ec860a"
  integrity sha512-NS6tCczzqFWEjah4+MO7t3mzXT1e3IlAHG1Ex4BeuDe296QIIaNhPAqcZPTZI3LlQpmnCw5V9g+yAQwRcF5g8w==

"@pixi/constants@6.2.0":
  version "6.2.0"
  resolved "https://registry.yarnpkg.com/@pixi/constants/-/constants-6.2.0.tgz#14db64a7a697520d93236dc6ab2034fed218edbd"
  integrity sha512-8WzYWtx3Q/UnH4WQIF6iDHLh9N2Lh0pU2jFluRehaXWtVmvfF5pB8XYFB5wllVNBKoeyfymk0g5G6y84dZ43Pw==

"@pixi/core@6.2.0":
  version "6.2.0"
  resolved "https://registry.yarnpkg.com/@pixi/core/-/core-6.2.0.tgz#e1de45a6df0a9720cec484313a01619bcce67835"
  integrity sha512-RpPW5LPRoTl6bB27AGXxzJeq2KksRC0lp8C40l8F1+nJUj7AUJILOAvn9KLEmCFSUuIIp4sOcD66y5iFynfmvQ==

"@pixi/display@6.2.0":
  version "6.2.0"
  resolved "https://registry.yarnpkg.com/@pixi/display/-/display-6.2.0.tgz#3a917dad5056b82dd25ba322f095d74af7c08fd0"
  integrity sha512-uEphbxCvr9jnWD+0zStwUn8xQlMqA3wrhm4+xsUWJmQZkS1yV5dWwtFth5bbP3lAcP2/CpK9tUF/ScnLbys7NQ==

"@pixi/extract@6.2.0":
  version "6.2.0"
  resolved "https://registry.yarnpkg.com/@pixi/extract/-/extract-6.2.0.tgz#cc7f64379a59f8d27b0c5cfd04eaddefb74b109d"
  integrity sha512-f6jcHSwqRpEIf3to39PRJPWlJiMzUHC6SFGfS12VBwxv0/TGE9HyMEGs04XsihPDFBFs7b4+GaR4kEKUUfzWCw==

"@pixi/filter-alpha@6.2.0":
  version "6.2.0"
  resolved "https://registry.yarnpkg.com/@pixi/filter-alpha/-/filter-alpha-6.2.0.tgz#8059d21f11ea08844adf638e15eac54792fa2650"
  integrity sha512-E7imqhvWDffYoMnSB/4fskWywnnq3oVtReIgjTOYnT2+o89Mu6th8do/c8aaYKF/e+0Y95UkeIKiv2TjtPpV/Q==

"@pixi/filter-blur@6.2.0":
  version "6.2.0"
  resolved "https://registry.yarnpkg.com/@pixi/filter-blur/-/filter-blur-6.2.0.tgz#aea5a704dcfb86214438371a0551faeae074734c"
  integrity sha512-MEq1gklzaW4bl1HQDlwd4Vss4bQXPg+/L3dgwMfeoHsj+6CT30V5HoOXOUYK/EeYNBBg5ViLjVqnK6PadjWyOQ==

"@pixi/filter-color-matrix@6.2.0":
  version "6.2.0"
  resolved "https://registry.yarnpkg.com/@pixi/filter-color-matrix/-/filter-color-matrix-6.2.0.tgz#a572e4f68655357242653cc28a255442e526d4a5"
  integrity sha512-sJ9zELuz6MuPllZw3E/4+csT4kzzcw3EMFkFiJyYYndqJhRP+fc6iRTgnmYrmhDtBcqxfS/HAcrqUUgELlKbAA==

"@pixi/filter-displacement@6.2.0":
  version "6.2.0"
  resolved "https://registry.yarnpkg.com/@pixi/filter-displacement/-/filter-displacement-6.2.0.tgz#e1b68c60eed8f67995aa428504b28bf7646f4a64"
  integrity sha512-vL/ErS6EjMiEcqkTd93CE8kfjCZXSCktYaAmaeDZ/oPB18ldEqJ/oK18fOuzTC6RhJAfhOpw2xT0cDv+CT11XQ==

"@pixi/filter-fxaa@6.2.0":
  version "6.2.0"
  resolved "https://registry.yarnpkg.com/@pixi/filter-fxaa/-/filter-fxaa-6.2.0.tgz#6fcf6ac4f6ab4a9e53bf3118880b4a703069d17a"
  integrity sha512-S0cxGIlhJUMnSeODugz8gDwRamBBHjnEwRrKjJVllCxQGPYGAEcIKRpK+Ewv9+JuxezzW06MZIQ8SdyXanh/Cw==

"@pixi/filter-noise@6.2.0":
  version "6.2.0"
  resolved "https://registry.yarnpkg.com/@pixi/filter-noise/-/filter-noise-6.2.0.tgz#599119767e16ec9edc5c243734ff8c6c8646f7cf"
  integrity sha512-+vsUXgeZtPympkg2Qw9zFGraWJzLH63MhieveiX78qJi0BAqmUObjsil8hO2wTSnU+nfFEoPKRJwCbRnNuNtbA==

"@pixi/graphics@6.2.0":
  version "6.2.0"
  resolved "https://registry.yarnpkg.com/@pixi/graphics/-/graphics-6.2.0.tgz#5385c7f9d5b389cd943fb532551fd036af69d093"
  integrity sha512-VUh2o49FheH57U0G8cW371jpNy3JOxEQXy/DRCfm34hcRjlokOrdP/MtOibVruIOKVVZSGAb0ybsjF3N5ELIvg==

"@pixi/interaction@6.2.0":
  version "6.2.0"
  resolved "https://registry.yarnpkg.com/@pixi/interaction/-/interaction-6.2.0.tgz#d9cbe9ba2bc52f68a37067b464fb35e0bf1a3f1f"
  integrity sha512-okuYrv7tqm9+Vb2N/+acKzR9nxQpuMoXAMTmm0rq53gTHCyliFds6lXRa8JHi3HufoAKhyHEP3QYrMgKRGvCiw==

"@pixi/loaders@6.2.0":
  version "6.2.0"
  resolved "https://registry.yarnpkg.com/@pixi/loaders/-/loaders-6.2.0.tgz#3c21e838ee926464ef8db3adedd67c5c3801aba5"
  integrity sha512-fkEErikWslkFycTuUYOe84rLfVRGLVT4mXIpqjS1AWHa+Q0NjhmMoSsmZbmp1NHg/gGgnta0q5kZI23X2SNyVw==

"@pixi/math@6.2.0":
  version "6.2.0"
  resolved "https://registry.yarnpkg.com/@pixi/math/-/math-6.2.0.tgz#bf9348da4ed98b0af364a986d0ef15b108bd38c5"
  integrity sha512-S/whcwowZdK8X594ZDL0VNdPdzgNyb9cDhwDChhbRIKyVitxZcPPQZcBxDwWmaMyyqN6GKfIBX8wGVghVOI3lw==

"@pixi/mesh-extras@6.2.0":
  version "6.2.0"
  resolved "https://registry.yarnpkg.com/@pixi/mesh-extras/-/mesh-extras-6.2.0.tgz#ab8c0296f9200363283b1a35737ced4b5fec7f22"
  integrity sha512-E3FUh6FLGOmcwkMxVt//R/eqNUIZj3Bi9X9d7+9FIxuMaGVi/LdQ2tAdDJkWDx4HwAtRLslIhymbsl0x6IzJDQ==

"@pixi/mesh@6.2.0":
  version "6.2.0"
  resolved "https://registry.yarnpkg.com/@pixi/mesh/-/mesh-6.2.0.tgz#b6d5ad87fe7b3955e2474ffd5ff83b53283aa92e"
  integrity sha512-+2TM6OJdWcANH59Yl2kj+BAbYlglBIUMtUifs0clmRGqSQPsEiuHj3IFbxm89F4upfA5vIf/3GekRE/qLIhIxg==

"@pixi/mixin-cache-as-bitmap@6.2.0":
  version "6.2.0"
  resolved "https://registry.yarnpkg.com/@pixi/mixin-cache-as-bitmap/-/mixin-cache-as-bitmap-6.2.0.tgz#e5930e07f58af298bafe9303ad4841f7644bfa5b"
  integrity sha512-QkX1LPu4WOiE7huNYUFKecUB66tQhcb2f4glJ0bbVNICodAkbz6HfnX1eDezx/6GYX4e01VNDwQ3TfQil+5r5w==

"@pixi/mixin-get-child-by-name@6.2.0":
  version "6.2.0"
  resolved "https://registry.yarnpkg.com/@pixi/mixin-get-child-by-name/-/mixin-get-child-by-name-6.2.0.tgz#a21aba8b840704e7c3febeaf11605d4ab094ecab"
  integrity sha512-VCokQVg7Xh9QCUou553yfbu0FTi++E++7ByCUPqzTU1hR2VFQRmI8aIkrHNER+PolqnnrrCKFXR7bZW0RdHD+A==

"@pixi/mixin-get-global-position@6.2.0":
  version "6.2.0"
  resolved "https://registry.yarnpkg.com/@pixi/mixin-get-global-position/-/mixin-get-global-position-6.2.0.tgz#99043ae64c0d7b5c9bb99efd2f9be4e7e10695d2"
  integrity sha512-yaoqbzFlfD3e7Kh20f9r21G2zZsw9oveGhLbUgFnBGpvjCHArcWOTCjHrXYy9pKGaFOh6hpJYWbhx/Lhg+YpcQ==

"@pixi/particle-container@6.2.0":
  version "6.2.0"
  resolved "https://registry.yarnpkg.com/@pixi/particle-container/-/particle-container-6.2.0.tgz#c5d2168891c72f299268a5124d19c9e0d45c4575"
  integrity sha512-DAYz3Mz20fl5firWS4aAFvZSZIQyS3z8Oq2kr/xHBQjtNiu8YBFNQWs/71pNG0Fg2dc/oIyy4aUIZCPLb54CSA==

"@pixi/polyfill@6.2.0":
  version "6.2.0"
  resolved "https://registry.yarnpkg.com/@pixi/polyfill/-/polyfill-6.2.0.tgz#135bd8d88a19b3e7272d395a938d2cf77ca17bc5"
  integrity sha512-UrcH9YtPV/ZquxQd7KY+ITT1Ccf4KY8xcbq5Aa839TpcYflk3suftzn4cBuOhW6ycnSjQB+LU7VEP1f4Kr1qpA==
  dependencies:
    object-assign "^4.1.1"
    promise-polyfill "^8.2.0"

"@pixi/prepare@6.2.0":
  version "6.2.0"
  resolved "https://registry.yarnpkg.com/@pixi/prepare/-/prepare-6.2.0.tgz#0afd2d4f96d7864f11d749d6ffbc31ac83b2c68f"
  integrity sha512-tiO4EGbvWpLQ+xOIVTW5QBMYMa/9hhP/nghLqGA67m2ZFzD/f8KEWBZQZeUIMWuQ7XRwpNziBlFmsSSlqKk+/Q==

"@pixi/runner@6.2.0":
  version "6.2.0"
  resolved "https://registry.yarnpkg.com/@pixi/runner/-/runner-6.2.0.tgz#d784ec18d1dd11a364174f0eb293f5ab19597832"
  integrity sha512-+tgO9IO+dMZhiok36AfzUWbEqhU6U+CxjF6n/iWCXElkAwj06gNXNyR7Ryib7V8NBd5opzP7XOxjZR/8A376DA==

"@pixi/settings@6.2.0":
  version "6.2.0"
  resolved "https://registry.yarnpkg.com/@pixi/settings/-/settings-6.2.0.tgz#ae9b44a083e5b91f309ff582777cd42c4a25c99a"
  integrity sha512-nOtaM/6P6uXVJm5b4UWH41rm31fL8gT12H1pbf2qOTxqorSG/WGfXyLkSC/y8MvEMlEKJoej1S2HZKPQ/SwhZA==
  dependencies:
    ismobilejs "^1.1.0"

"@pixi/sprite-animated@6.2.0":
  version "6.2.0"
  resolved "https://registry.yarnpkg.com/@pixi/sprite-animated/-/sprite-animated-6.2.0.tgz#b33de80512b235f83bd824d3117e085ea5ab9bf7"
  integrity sha512-AcmKVzB/TXp0nyFUIoIweXMsLzd/6o6mtiy9M1f9tTd7eaIUgVwpLnsWM5rOahNpJaYq4S9Gnsy3cbGlljnRSw==

"@pixi/sprite-tiling@6.2.0":
  version "6.2.0"
  resolved "https://registry.yarnpkg.com/@pixi/sprite-tiling/-/sprite-tiling-6.2.0.tgz#9b92503e04e8a90d93bc1fb19dc9dad15901c073"
  integrity sha512-GPcAjKZrEYt572+GNjhYjCdNuxSP6STu4+LvPqMq/AiQfXWvJvSRUfCZDf+u1pc33CUFMoYUr1TKXWMqGymDtg==

"@pixi/sprite@6.2.0":
  version "6.2.0"
  resolved "https://registry.yarnpkg.com/@pixi/sprite/-/sprite-6.2.0.tgz#80f3ba3f0b714d0a13279fa4a204f957e57663b5"
  integrity sha512-yG4tBBuI008inlvlkn9IiglWddrSoL6ah2R6Jgd6jh2RaKPfrNdH0D8t/MzshnOh30JvGP6sVAXaLSX3mRBWaw==

"@pixi/spritesheet@6.2.0":
  version "6.2.0"
  resolved "https://registry.yarnpkg.com/@pixi/spritesheet/-/spritesheet-6.2.0.tgz#c435c0a1bbeb11dbcbe003d579a113087d76c2fa"
  integrity sha512-wGXmo54qJO15/pd28FE6lMvfoJMIhi9nJ44AEtSmhGXqexs7T7NNzaEBZYFxyWTMFoEVJ1qxHUckOAnq12IXKg==

"@pixi/text-bitmap@6.2.0":
  version "6.2.0"
  resolved "https://registry.yarnpkg.com/@pixi/text-bitmap/-/text-bitmap-6.2.0.tgz#0c410d4ad2a38af00fc404eab2508e801b985df3"
  integrity sha512-H3GWWZ1WgwZ3JJn6RvtO4im5AQlfAN1zEHQyE66/adhte6HgzYrMvGgM5sug2f5ZFXl81O0vBddSakbg2myaXw==

"@pixi/text@6.2.0":
  version "6.2.0"
  resolved "https://registry.yarnpkg.com/@pixi/text/-/text-6.2.0.tgz#eb0b25ccfedaf7e856cef6247647acaae79b924a"
  integrity sha512-iDrCWY0LuRtq8t0+PyH+xf74jW+lfVTRqqehOFFb0WJ9Ekdl7KpCeKXgPFVs8oer0bvxXKK2c00DPD8d1qq5uw==

"@pixi/ticker@6.2.0":
  version "6.2.0"
  resolved "https://registry.yarnpkg.com/@pixi/ticker/-/ticker-6.2.0.tgz#ec98ae2dccc27057ceca1656b00b17f90510a095"
  integrity sha512-6X4hP2hciTdF776qhii9yiYQev/ZTPjFvuwZSHow7l33se81ORF33HFpcLdgZ7qgBQtT10+tOx8Fr6Ihu6yeUQ==

"@pixi/utils@6.2.0":
  version "6.2.0"
  resolved "https://registry.yarnpkg.com/@pixi/utils/-/utils-6.2.0.tgz#d79c361f34552a1f26657fc3bed5e5e2f79301b3"
  integrity sha512-2WXNaeiDn/q64jJ7ZZUufL/vRfRVYrBJQuTk64sv8Ak1OxyTqwbfQQSfzGoyYpNZJdnAG5k8H+7u0GqJj9ts5Q==
  dependencies:
    "@types/earcut" "^2.1.0"
    earcut "^2.2.2"
    eventemitter3 "^3.1.0"
    url "^0.11.0"

"@types/earcut@^2.1.0":
  version "2.1.1"
  resolved "https://registry.yarnpkg.com/@types/earcut/-/earcut-2.1.1.tgz#573a0af609f17005c751f6f4ffec49cfe358ea51"
  integrity sha512-w8oigUCDjElRHRRrMvn/spybSMyX8MTkKA5Dv+tS1IE/TgmNZPqUYtvYBXGY8cieSE66gm+szeK+bnbxC2xHTQ==

earcut@^2.2.2:
  version "2.2.3"
  resolved "https://registry.yarnpkg.com/earcut/-/earcut-2.2.3.tgz#d44ced2ff5a18859568e327dd9c7d46b16f55cf4"
  integrity sha512-iRDI1QeCQIhMCZk48DRDMVgQSSBDmbzzNhnxIo+pwx3swkfjMh6vh0nWLq1NdvGHLKH6wIrAM3vQWeTj6qeoug==

esbuild-android-arm64@0.13.15:
  version "0.13.15"
  resolved "https://registry.yarnpkg.com/esbuild-android-arm64/-/esbuild-android-arm64-0.13.15.tgz#3fc3ff0bab76fe35dd237476b5d2b32bb20a3d44"
  integrity sha512-m602nft/XXeO8YQPUDVoHfjyRVPdPgjyyXOxZ44MK/agewFFkPa8tUo6lAzSWh5Ui5PB4KR9UIFTSBKh/RrCmg==

esbuild-darwin-64@0.13.15:
  version "0.13.15"
  resolved "https://registry.yarnpkg.com/esbuild-darwin-64/-/esbuild-darwin-64-0.13.15.tgz#8e9169c16baf444eacec60d09b24d11b255a8e72"
  integrity sha512-ihOQRGs2yyp7t5bArCwnvn2Atr6X4axqPpEdCFPVp7iUj4cVSdisgvEKdNR7yH3JDjW6aQDw40iQFoTqejqxvQ==

esbuild-darwin-arm64@0.13.15:
  version "0.13.15"
  resolved "https://registry.yarnpkg.com/esbuild-darwin-arm64/-/esbuild-darwin-arm64-0.13.15.tgz#1b07f893b632114f805e188ddfca41b2b778229a"
  integrity sha512-i1FZssTVxUqNlJ6cBTj5YQj4imWy3m49RZRnHhLpefFIh0To05ow9DTrXROTE1urGTQCloFUXTX8QfGJy1P8dQ==

esbuild-freebsd-64@0.13.15:
  version "0.13.15"
  resolved "https://registry.yarnpkg.com/esbuild-freebsd-64/-/esbuild-freebsd-64-0.13.15.tgz#0b8b7eca1690c8ec94c75680c38c07269c1f4a85"
  integrity sha512-G3dLBXUI6lC6Z09/x+WtXBXbOYQZ0E8TDBqvn7aMaOCzryJs8LyVXKY4CPnHFXZAbSwkCbqiPuSQ1+HhrNk7EA==

esbuild-freebsd-arm64@0.13.15:
  version "0.13.15"
  resolved "https://registry.yarnpkg.com/esbuild-freebsd-arm64/-/esbuild-freebsd-arm64-0.13.15.tgz#2e1a6c696bfdcd20a99578b76350b41db1934e52"
  integrity sha512-KJx0fzEDf1uhNOZQStV4ujg30WlnwqUASaGSFPhznLM/bbheu9HhqZ6mJJZM32lkyfGJikw0jg7v3S0oAvtvQQ==

esbuild-linux-32@0.13.15:
  version "0.13.15"
  resolved "https://registry.yarnpkg.com/esbuild-linux-32/-/esbuild-linux-32-0.13.15.tgz#6fd39f36fc66dd45b6b5f515728c7bbebc342a69"
  integrity sha512-ZvTBPk0YWCLMCXiFmD5EUtB30zIPvC5Itxz0mdTu/xZBbbHJftQgLWY49wEPSn2T/TxahYCRDWun5smRa0Tu+g==

esbuild-linux-64@0.13.15:
  version "0.13.15"
  resolved "https://registry.yarnpkg.com/esbuild-linux-64/-/esbuild-linux-64-0.13.15.tgz#9cb8e4bcd7574e67946e4ee5f1f1e12386bb6dd3"
  integrity sha512-eCKzkNSLywNeQTRBxJRQ0jxRCl2YWdMB3+PkWFo2BBQYC5mISLIVIjThNtn6HUNqua1pnvgP5xX0nHbZbPj5oA==

esbuild-linux-arm64@0.13.15:
  version "0.13.15"
  resolved "https://registry.yarnpkg.com/esbuild-linux-arm64/-/esbuild-linux-arm64-0.13.15.tgz#3891aa3704ec579a1b92d2a586122e5b6a2bfba1"
  integrity sha512-bYpuUlN6qYU9slzr/ltyLTR9YTBS7qUDymO8SV7kjeNext61OdmqFAzuVZom+OLW1HPHseBfJ/JfdSlx8oTUoA==

esbuild-linux-arm@0.13.15:
  version "0.13.15"
  resolved "https://registry.yarnpkg.com/esbuild-linux-arm/-/esbuild-linux-arm-0.13.15.tgz#8a00e99e6a0c6c9a6b7f334841364d8a2b4aecfe"
  integrity sha512-wUHttDi/ol0tD8ZgUMDH8Ef7IbDX+/UsWJOXaAyTdkT7Yy9ZBqPg8bgB/Dn3CZ9SBpNieozrPRHm0BGww7W/jA==

esbuild-linux-mips64le@0.13.15:
  version "0.13.15"
  resolved "https://registry.yarnpkg.com/esbuild-linux-mips64le/-/esbuild-linux-mips64le-0.13.15.tgz#36b07cc47c3d21e48db3bb1f4d9ef8f46aead4f7"
  integrity sha512-KlVjIG828uFPyJkO/8gKwy9RbXhCEUeFsCGOJBepUlpa7G8/SeZgncUEz/tOOUJTcWMTmFMtdd3GElGyAtbSWg==

esbuild-linux-ppc64le@0.13.15:
  version "0.13.15"
  resolved "https://registry.yarnpkg.com/esbuild-linux-ppc64le/-/esbuild-linux-ppc64le-0.13.15.tgz#f7e6bba40b9a11eb9dcae5b01550ea04670edad2"
  integrity sha512-h6gYF+OsaqEuBjeesTBtUPw0bmiDu7eAeuc2OEH9S6mV9/jPhPdhOWzdeshb0BskRZxPhxPOjqZ+/OqLcxQwEQ==

esbuild-netbsd-64@0.13.15:
  version "0.13.15"
  resolved "https://registry.yarnpkg.com/esbuild-netbsd-64/-/esbuild-netbsd-64-0.13.15.tgz#a2fedc549c2b629d580a732d840712b08d440038"
  integrity sha512-3+yE9emwoevLMyvu+iR3rsa+Xwhie7ZEHMGDQ6dkqP/ndFzRHkobHUKTe+NCApSqG5ce2z4rFu+NX/UHnxlh3w==

esbuild-openbsd-64@0.13.15:
  version "0.13.15"
  resolved "https://registry.yarnpkg.com/esbuild-openbsd-64/-/esbuild-openbsd-64-0.13.15.tgz#b22c0e5806d3a1fbf0325872037f885306b05cd7"
  integrity sha512-wTfvtwYJYAFL1fSs8yHIdf5GEE4NkbtbXtjLWjM3Cw8mmQKqsg8kTiqJ9NJQe5NX/5Qlo7Xd9r1yKMMkHllp5g==

esbuild-sunos-64@0.13.15:
  version "0.13.15"
  resolved "https://registry.yarnpkg.com/esbuild-sunos-64/-/esbuild-sunos-64-0.13.15.tgz#d0b6454a88375ee8d3964daeff55c85c91c7cef4"
  integrity sha512-lbivT9Bx3t1iWWrSnGyBP9ODriEvWDRiweAs69vI+miJoeKwHWOComSRukttbuzjZ8r1q0mQJ8Z7yUsDJ3hKdw==

esbuild-windows-32@0.13.15:
  version "0.13.15"
  resolved "https://registry.yarnpkg.com/esbuild-windows-32/-/esbuild-windows-32-0.13.15.tgz#c96d0b9bbb52f3303322582ef8e4847c5ad375a7"
  integrity sha512-fDMEf2g3SsJ599MBr50cY5ve5lP1wyVwTe6aLJsM01KtxyKkB4UT+fc5MXQFn3RLrAIAZOG+tHC+yXObpSn7Nw==

esbuild-windows-64@0.13.15:
  version "0.13.15"
  resolved "https://registry.yarnpkg.com/esbuild-windows-64/-/esbuild-windows-64-0.13.15.tgz#1f79cb9b1e1bb02fb25cd414cb90d4ea2892c294"
  integrity sha512-9aMsPRGDWCd3bGjUIKG/ZOJPKsiztlxl/Q3C1XDswO6eNX/Jtwu4M+jb6YDH9hRSUflQWX0XKAfWzgy5Wk54JQ==

esbuild-windows-arm64@0.13.15:
  version "0.13.15"
  resolved "https://registry.yarnpkg.com/esbuild-windows-arm64/-/esbuild-windows-arm64-0.13.15.tgz#482173070810df22a752c686509c370c3be3b3c3"
  integrity sha512-zzvyCVVpbwQQATaf3IG8mu1IwGEiDxKkYUdA4FpoCHi1KtPa13jeScYDjlW0Qh+ebWzpKfR2ZwvqAQkSWNcKjA==

esbuild@^0.13.12:
  version "0.13.15"
  resolved "https://registry.yarnpkg.com/esbuild/-/esbuild-0.13.15.tgz#db56a88166ee373f87dbb2d8798ff449e0450cdf"
  integrity sha512-raCxt02HBKv8RJxE8vkTSCXGIyKHdEdGfUmiYb8wnabnaEmHzyW7DCHb5tEN0xU8ryqg5xw54mcwnYkC4x3AIw==
  optionalDependencies:
    esbuild-android-arm64 "0.13.15"
    esbuild-darwin-64 "0.13.15"
    esbuild-darwin-arm64 "0.13.15"
    esbuild-freebsd-64 "0.13.15"
    esbuild-freebsd-arm64 "0.13.15"
    esbuild-linux-32 "0.13.15"
    esbuild-linux-64 "0.13.15"
    esbuild-linux-arm "0.13.15"
    esbuild-linux-arm64 "0.13.15"
    esbuild-linux-mips64le "0.13.15"
    esbuild-linux-ppc64le "0.13.15"
    esbuild-netbsd-64 "0.13.15"
    esbuild-openbsd-64 "0.13.15"
    esbuild-sunos-64 "0.13.15"
    esbuild-windows-32 "0.13.15"
    esbuild-windows-64 "0.13.15"
    esbuild-windows-arm64 "0.13.15"

eventemitter3@^3.1.0:
  version "3.1.2"
  resolved "https://registry.yarnpkg.com/eventemitter3/-/eventemitter3-3.1.2.tgz#2d3d48f9c346698fce83a85d7d664e98535df6e7"
  integrity sha512-tvtQIeLVHjDkJYnzf2dgVMxfuSGJeM/7UCG17TT4EumTfNtF+0nebF/4zWOIkCreAbtNqhGEboB6BWrwqNaw4Q==

fsevents@~2.3.2:
  version "2.3.2"
  resolved "https://registry.yarnpkg.com/fsevents/-/fsevents-2.3.2.tgz#8a526f78b8fdf4623b709e0b975c52c24c02fd1a"
  integrity sha512-xiqMQR4xAeHTuB9uWm+fFRcIOgKBMiOBP+eXiyT7jsgVCq1bkVygt00oASowB7EdtpOHaaPgKt812P9ab+DDKA==

function-bind@^1.1.1:
  version "1.1.1"
  resolved "https://registry.yarnpkg.com/function-bind/-/function-bind-1.1.1.tgz#a56899d3ea3c9bab874bb9773b7c5ede92f4895d"
  integrity sha512-yIovAzMX49sF8Yl58fSCWJ5svSLuaibPxXQJFLmBObTuCr0Mf1KiPopGM9NiFjiYBCbfaa2Fh6breQ6ANVTI0A==

has@^1.0.3:
  version "1.0.3"
  resolved "https://registry.yarnpkg.com/has/-/has-1.0.3.tgz#722d7cbfc1f6aa8241f16dd814e011e1f41e8796"
  integrity sha512-f2dvO0VU6Oej7RkWJGrehjbzMAjFp5/VKPp5tTpWIV4JHHZK1/BxbFRtf/siA2SWTe09caDmVtYYzWEIbBS4zw==
  dependencies:
    function-bind "^1.1.1"

is-core-module@^2.2.0:
  version "2.8.0"
  resolved "https://registry.yarnpkg.com/is-core-module/-/is-core-module-2.8.0.tgz#0321336c3d0925e497fd97f5d95cb114a5ccd548"
  integrity sha512-vd15qHsaqrRL7dtH6QNuy0ndJmRDrS9HAM1CAiSifNUFv4x1a0CCVsj18hJ1mShxIG6T2i1sO78MkP56r0nYRw==
  dependencies:
    has "^1.0.3"

ismobilejs@^1.1.0:
  version "1.1.1"
  resolved "https://registry.yarnpkg.com/ismobilejs/-/ismobilejs-1.1.1.tgz#c56ca0ae8e52b24ca0f22ba5ef3215a2ddbbaa0e"
  integrity sha512-VaFW53yt8QO61k2WJui0dHf4SlL8lxBofUuUmwBo0ljPk0Drz2TiuDW4jo3wDcv41qy/SxrJ+VAzJ/qYqsmzRw==

nanoid@^3.1.30:
  version "3.1.30"
  resolved "https://registry.yarnpkg.com/nanoid/-/nanoid-3.1.30.tgz#63f93cc548d2a113dc5dfbc63bfa09e2b9b64362"
  integrity sha512-zJpuPDwOv8D2zq2WRoMe1HsfZthVewpel9CAvTfc/2mBD1uUT/agc5f7GHGWXlYkFvi1mVxe4IjvP2HNrop7nQ==

object-assign@^4.1.1:
  version "4.1.1"
  resolved "https://registry.yarnpkg.com/object-assign/-/object-assign-4.1.1.tgz#2109adc7965887cfc05cbbd442cac8bfbb360863"
  integrity sha1-IQmtx5ZYh8/AXLvUQsrIv7s2CGM=

path-parse@^1.0.6:
  version "1.0.7"
  resolved "https://registry.yarnpkg.com/path-parse/-/path-parse-1.0.7.tgz#fbc114b60ca42b30d9daf5858e4bd68bbedb6735"
  integrity sha512-LDJzPVEEEPR+y48z93A0Ed0yXb8pAByGWo/k5YYdYgpY2/2EsOsksJrq7lOHxryrVOn1ejG6oAp8ahvOIQD8sw==

picocolors@^1.0.0:
  version "1.0.0"
  resolved "https://registry.yarnpkg.com/picocolors/-/picocolors-1.0.0.tgz#cb5bdc74ff3f51892236eaf79d68bc44564ab81c"
  integrity sha512-1fygroTLlHu66zi26VoTDv8yRgm0Fccecssto+MhsZ0D/DGW2sm8E8AjW7NU5VVTRt5GxbeZ5qBuJr+HyLYkjQ==

pixi.js@^6.2.0:
  version "6.2.0"
  resolved "https://registry.yarnpkg.com/pixi.js/-/pixi.js-6.2.0.tgz#502f197f87e5f8675afd7da0ab70b27b6542171e"
  integrity sha512-EJtbnN8N+w7MG89UICGrgC/+0KJojkNYSgVNwXG2UwP7k0k0AVOoy2b/0uRGllh6HI87ax5yDQe+NIjjhisFrA==
  dependencies:
    "@pixi/accessibility" "6.2.0"
    "@pixi/app" "6.2.0"
    "@pixi/compressed-textures" "6.2.0"
    "@pixi/constants" "6.2.0"
    "@pixi/core" "6.2.0"
    "@pixi/display" "6.2.0"
    "@pixi/extract" "6.2.0"
    "@pixi/filter-alpha" "6.2.0"
    "@pixi/filter-blur" "6.2.0"
    "@pixi/filter-color-matrix" "6.2.0"
    "@pixi/filter-displacement" "6.2.0"
    "@pixi/filter-fxaa" "6.2.0"
    "@pixi/filter-noise" "6.2.0"
    "@pixi/graphics" "6.2.0"
    "@pixi/interaction" "6.2.0"
    "@pixi/loaders" "6.2.0"
    "@pixi/math" "6.2.0"
    "@pixi/mesh" "6.2.0"
    "@pixi/mesh-extras" "6.2.0"
    "@pixi/mixin-cache-as-bitmap" "6.2.0"
    "@pixi/mixin-get-child-by-name" "6.2.0"
    "@pixi/mixin-get-global-position" "6.2.0"
    "@pixi/particle-container" "6.2.0"
    "@pixi/polyfill" "6.2.0"
    "@pixi/prepare" "6.2.0"
    "@pixi/runner" "6.2.0"
    "@pixi/settings" "6.2.0"
    "@pixi/sprite" "6.2.0"
    "@pixi/sprite-animated" "6.2.0"
    "@pixi/sprite-tiling" "6.2.0"
    "@pixi/spritesheet" "6.2.0"
    "@pixi/text" "6.2.0"
    "@pixi/text-bitmap" "6.2.0"
    "@pixi/ticker" "6.2.0"
    "@pixi/utils" "6.2.0"

postcss@^8.3.11:
  version "8.4.5"
  resolved "https://registry.yarnpkg.com/postcss/-/postcss-8.4.5.tgz#bae665764dfd4c6fcc24dc0fdf7e7aa00cc77f95"
  integrity sha512-jBDboWM8qpaqwkMwItqTQTiFikhs/67OYVvblFFTM7MrZjt6yMKd6r2kgXizEbTTljacm4NldIlZnhbjr84QYg==
  dependencies:
    nanoid "^3.1.30"
    picocolors "^1.0.0"
    source-map-js "^1.0.1"

promise-polyfill@^8.2.0:
  version "8.2.1"
  resolved "https://registry.yarnpkg.com/promise-polyfill/-/promise-polyfill-8.2.1.tgz#1fa955b325bee4f6b8a4311e18148d4e5b46d254"
  integrity sha512-3p9zj0cEHbp7NVUxEYUWjQlffXqnXaZIMPkAO7HhFh8u5636xLRDHOUo2vpWSK0T2mqm6fKLXYn1KP6PAZ2gKg==

punycode@1.3.2:
  version "1.3.2"
  resolved "https://registry.yarnpkg.com/punycode/-/punycode-1.3.2.tgz#9653a036fb7c1ee42342f2325cceefea3926c48d"
  integrity sha1-llOgNvt8HuQjQvIyXM7v6jkmxI0=

querystring@0.2.0:
  version "0.2.0"
  resolved "https://registry.yarnpkg.com/querystring/-/querystring-0.2.0.tgz#b209849203bb25df820da756e747005878521620"
  integrity sha1-sgmEkgO7Jd+CDadW50cAWHhSFiA=

resolve@^1.20.0:
  version "1.20.0"
  resolved "https://registry.yarnpkg.com/resolve/-/resolve-1.20.0.tgz#629a013fb3f70755d6f0b7935cc1c2c5378b1975"
  integrity sha512-wENBPt4ySzg4ybFQW2TT1zMQucPK95HSh/nq2CFTZVOGut2+pQvSsgtda4d26YrYcr067wjbmzOG8byDPBX63A==
  dependencies:
    is-core-module "^2.2.0"
    path-parse "^1.0.6"

rollup@^2.59.0:
  version "2.61.1"
  resolved "https://registry.yarnpkg.com/rollup/-/rollup-2.61.1.tgz#1a5491f84543cf9e4caf6c61222d9a3f8f2ba454"
  integrity sha512-BbTXlEvB8d+XFbK/7E5doIcRtxWPRiqr0eb5vQ0+2paMM04Ye4PZY5nHOQef2ix24l/L0SpLd5hwcH15QHPdvA==
  optionalDependencies:
    fsevents "~2.3.2"

source-map-js@^1.0.1:
  version "1.0.1"
  resolved "https://registry.yarnpkg.com/source-map-js/-/source-map-js-1.0.1.tgz#a1741c131e3c77d048252adfa24e23b908670caf"
  integrity sha512-4+TN2b3tqOCd/kaGRJ/sTYA0tR0mdXx26ipdolxcwtJVqEnqNYvlCAt1q3ypy4QMlYus+Zh34RNtYLoq2oQ4IA==

typescript@^4.4.4:
  version "4.5.4"
  resolved "https://registry.yarnpkg.com/typescript/-/typescript-4.5.4.tgz#a17d3a0263bf5c8723b9c52f43c5084edf13c2e8"
  integrity sha512-VgYs2A2QIRuGphtzFV7aQJduJ2gyfTljngLzjpfW9FoYZF6xuw1W0vW9ghCKLfcWrCFxK81CSGRAvS1pn4fIUg==

url@^0.11.0:
  version "0.11.0"
  resolved "https://registry.yarnpkg.com/url/-/url-0.11.0.tgz#3838e97cfc60521eb73c525a8e55bfdd9e2e28f1"
  integrity sha1-ODjpfPxgUh63PFJajlW/3Z4uKPE=
  dependencies:
    punycode "1.3.2"
    querystring "0.2.0"

vite@^2.7.2:
  version "2.7.2"
  resolved "https://registry.yarnpkg.com/vite/-/vite-2.7.2.tgz#f9937114cf2e730a7e2e4c4f8c26ed0ed1c3bb6b"
  integrity sha512-wMffVVdKZRZP/HwW3yttKL8X+IJePz7bUcnGm0vqljffpVwHpjWC3duZtJQHAGvy+wrTjmwU7vkULpZ1dVXY6w==
  dependencies:
    esbuild "^0.13.12"
    postcss "^8.3.11"
    resolve "^1.20.0"
    rollup "^2.59.0"
  optionalDependencies:
    fsevents "~2.3.2"
