# THIS IS AN AUTOGENERATED FILE. DO NOT EDIT THIS FILE DIRECTLY.
# yarn lockfile v1


"@pixi/accessibility@6.2.2":
  version "6.2.2"
  resolved "https://registry.npmjs.org/@pixi/accessibility/-/accessibility-6.2.2.tgz"
  integrity sha512-/mXRXCw67bmPY/OZ1Y1p747h3SSg7eqacIChAUJohjbcJK0R2EJRD2uVTspVIUpHPJA0ECNGBpKqk0C1Yzkj2w==

"@pixi/app@6.2.2":
  version "6.2.2"
  resolved "https://registry.npmjs.org/@pixi/app/-/app-6.2.2.tgz"
  integrity sha512-YBzVaSZGA842w2gsgqzxYwQMXeu2JZmSyiybi4raFsA35iOeMurXy7sEs5NP9JO+cjobJyx6echuHzZpKUjWsQ==

"@pixi/compressed-textures@6.2.2":
  version "6.2.2"
  resolved "https://registry.npmjs.org/@pixi/compressed-textures/-/compressed-textures-6.2.2.tgz"
  integrity sha512-ZjiqYCE6nGtsKTRa6w4W6Krh3vo4M3WT6lrP+VW6BfgUx3quEURt5GVFsFZrJpWF4yI1fShFmjBUOerrTLJGRQ==

"@pixi/constants@6.2.2":
  version "6.2.2"
  resolved "https://registry.npmjs.org/@pixi/constants/-/constants-6.2.2.tgz"
  integrity sha512-BKSoj/5SI+pQEatuCG5kXXWtCZmZZNMhfhXeqvYO/WNZ+LDxm6F4pllf0t7KjGs1ZBpNxVf6fyngF9Q5r3MgJQ==

"@pixi/core@6.2.2":
  version "6.2.2"
  resolved "https://registry.npmjs.org/@pixi/core/-/core-6.2.2.tgz"
  integrity sha512-XAqgdJ1w9k1ZUBXECm19rcnN2ngm+tOP74HkGw4qQay0biM3JS+wtX4fWQmZNGr8krf6lJrNbsghbtUy70uUaw==

"@pixi/display@6.2.2":
  version "6.2.2"
  resolved "https://registry.npmjs.org/@pixi/display/-/display-6.2.2.tgz"
  integrity sha512-8a0R+9rjlUUjb13nBA6ZNj9gygJqt38B63uIZ2inkhxpIQf0CLo2hNxkqCqXiMeRuGmOw1n6neEDMnHO1Ks+xA==

"@pixi/extract@6.2.2":
  version "6.2.2"
  resolved "https://registry.npmjs.org/@pixi/extract/-/extract-6.2.2.tgz"
  integrity sha512-w3gW1/VoHNqFEUNGRQBKm8dCdg816etbpbLExWctmPpNdyxos5N7DF44UMRFg40GPVBBNzYissrH/ojca4PFIA==

"@pixi/filter-adjustment@4.1.3":
  version "4.1.3"
  resolved "https://registry.yarnpkg.com/@pixi/filter-adjustment/-/filter-adjustment-4.1.3.tgz#61e34b4dd9766ccf40463f0538201bf68f78df66"
  integrity sha512-W+NhPiZRYKoRToa5+tkU95eOw8gnS5dfIp3ZP+pLv2mdER9RI+4xHxp1uLHMqUYZViTaMdZIIoVOuCgHFPYCbQ==

"@pixi/filter-advanced-bloom@4.1.5":
  version "4.1.5"
  resolved "https://registry.yarnpkg.com/@pixi/filter-advanced-bloom/-/filter-advanced-bloom-4.1.5.tgz#9c8b7d087c896083f3f13541cd40c50add1d6388"
  integrity sha512-Iun+tOrAvnsIhlrTNxQJoeGMLNuxafgkxqaGLibAvE6/Xx6zquM0LCLNn9twKuVQ+qUP1HUti/Mf/kbyiwAbNw==
  dependencies:
    "@pixi/filter-kawase-blur" "4.1.5"

"@pixi/filter-alpha@6.2.2":
  version "6.2.2"
  resolved "https://registry.npmjs.org/@pixi/filter-alpha/-/filter-alpha-6.2.2.tgz"
  integrity sha512-CijLcgFdmivmSyZuM5Yyeo6R+PwalZp9OSoard1Oh5DBVvcRDn4m3cBM+nimR4YJbr0kiMbK4Ja8r+e2vwFVjA==

"@pixi/filter-ascii@4.1.5":
  version "4.1.5"
  resolved "https://registry.yarnpkg.com/@pixi/filter-ascii/-/filter-ascii-4.1.5.tgz#c2dc5ce4fea837d60b46ad6b2b36ad1219fa6275"
  integrity sha512-zrknFA1qM36IXYGmDmTa/chwU2bt/Q4R2N/rs3q7T8wFHS+PkbWhj2Juuy6TQ7OpQZE2t3I6JQL/zgA5vvXzDg==

"@pixi/filter-bevel@4.1.5":
  version "4.1.5"
  resolved "https://registry.yarnpkg.com/@pixi/filter-bevel/-/filter-bevel-4.1.5.tgz#142ee7658f72197944b3cbdc5aa54d13d17d4400"
  integrity sha512-QMSQWWiiWjx2rKxu+Ah+CEEceeH4UvsgU9xmSZfVV2W4PmV3Z1lg7MsWM9VB1JbHlx8eoMq/Ge/+5NH7/Fbcqg==

"@pixi/filter-bloom@4.1.5":
  version "4.1.5"
  resolved "https://registry.yarnpkg.com/@pixi/filter-bloom/-/filter-bloom-4.1.5.tgz#f37dfebac6ccc45e546329390471f0fe8ea5d097"
  integrity sha512-/u+9BNCGUU1Qc5DyThbQv3TRL2T7mQTLTXyiXN5itqo/+LtZ5J+yjw1sHw0pSLfWYAnYa+biq5rwO5jD7+yx8A==

"@pixi/filter-blur@6.2.2":
  version "6.2.2"
  resolved "https://registry.npmjs.org/@pixi/filter-blur/-/filter-blur-6.2.2.tgz"
  integrity sha512-ApFqn2fMIipr3mRp/8dZ74qraGGzzPO/EzvltDqJLru9vGlbX6dKLXZ6w5H8D/uN6aQW1e4N1Nrtzk5mvJVQ3g==

"@pixi/filter-bulge-pinch@4.1.5":
  version "4.1.5"
  resolved "https://registry.yarnpkg.com/@pixi/filter-bulge-pinch/-/filter-bulge-pinch-4.1.5.tgz#aaeb31df9191ef42d553a615cd37e27af8359eeb"
  integrity sha512-qdxoaRjYCUDE/YhIybc6RpsDeUtk79T4sKqJOLGntIQAF3aeM62yzBH/e///by2wqrTQs+F+9Hp6DgPfsqQuMQ==

"@pixi/filter-color-map@4.1.5":
  version "4.1.5"
  resolved "https://registry.yarnpkg.com/@pixi/filter-color-map/-/filter-color-map-4.1.5.tgz#ffa685356c666295fe66c0c871196b0ae13a5e29"
  integrity sha512-L7cAM/5G0JKz8cJCFSDWageQonC8iG7eEvEyhz/L/ENqWI7pg2LIldqvK9vIc2HE9HjvkdoDQAb4vfm3OhMHkA==

"@pixi/filter-color-matrix@6.2.2":
  version "6.2.2"
  resolved "https://registry.npmjs.org/@pixi/filter-color-matrix/-/filter-color-matrix-6.2.2.tgz"
  integrity sha512-fQWbtKFWV29jKkq4d6TknEfQ5sF5OxcbJeZo0HJmgoV3FLZ0t21XE991CFI/TqDBo8U3wzUPZVbXxiFoDKmJ8w==

"@pixi/filter-color-overlay@4.1.5":
  version "4.1.5"
  resolved "https://registry.yarnpkg.com/@pixi/filter-color-overlay/-/filter-color-overlay-4.1.5.tgz#db9bc841228c41f469267d09e566006496dfe3f1"
  integrity sha512-hT29sEBkcEzRdNFKlzHvzOJ0nJh2XKuuyiQkgr9IwA6x6GZ5UCX5ybJl7cfr/NKpujvxGIXknQNdPU7MWonJOQ==

"@pixi/filter-color-replace@4.1.5":
  version "4.1.5"
  resolved "https://registry.yarnpkg.com/@pixi/filter-color-replace/-/filter-color-replace-4.1.5.tgz#c58cb6b7283781b56bcf1075be8ad6c15795d125"
  integrity sha512-2nHaOHMsIggA+oM/LYZb8TdwMG6YiB3Q6ux8dcZsXAeYrR06gzGJFKzq5iGoyZ4ADwGwHzzNuPkzEAGshfGm1Q==

"@pixi/filter-convolution@4.1.5":
  version "4.1.5"
  resolved "https://registry.yarnpkg.com/@pixi/filter-convolution/-/filter-convolution-4.1.5.tgz#37607a13f8d3fb94393dee64eebecfde105899e8"
  integrity sha512-QRESMmSXVSdt2hx1BQL/mMXNxgFaBfxT8txUllyAv/MVLBj2itKv9wwzFCdk6FQtTGG8LfffILPxjaLKgASZKg==

"@pixi/filter-cross-hatch@4.1.3":
  version "4.1.3"
  resolved "https://registry.yarnpkg.com/@pixi/filter-cross-hatch/-/filter-cross-hatch-4.1.3.tgz#d5eb38d7e9f4c532755fe82c2de343275bf86f4b"
  integrity sha512-tnRwOR0POApJMTP3dggj9UQszikIZOU8Z9jjzB4pyKHSCNGFuALkN2CkjMyOojA0Cxtia0HbmU5v+CzSahOwVQ==

"@pixi/filter-crt@4.1.6":
  version "4.1.6"
  resolved "https://registry.yarnpkg.com/@pixi/filter-crt/-/filter-crt-4.1.6.tgz#4d2172f8f7a5a744a2e823c3db1d723ec0aa47ac"
  integrity sha512-hV9wQh63Huud/fSwFwZ3MvKXDso4+gqe10/gOGwnA9bRtm5jMC2podjnZJiipEBs8nGtrPoCpUlkoaeWLVm+uA==

"@pixi/filter-displacement@6.2.2":
  version "6.2.2"
  resolved "https://registry.npmjs.org/@pixi/filter-displacement/-/filter-displacement-6.2.2.tgz"
  integrity sha512-cd9um4kNNIeqKA/wVZw+iha+XVbBOYBC8En5hk3ZXAIXxCHxOCz3KS+aOVejXH5EB/gMDPvNNwygn0SCpSGdKA==

"@pixi/filter-dot@4.1.5":
  version "4.1.5"
  resolved "https://registry.yarnpkg.com/@pixi/filter-dot/-/filter-dot-4.1.5.tgz#0715e7b8e1ec006269f48418f5cdad187cf944ba"
  integrity sha512-+JDKJIfYMZnqbtnBw4EmNtXrmez8jdrKjBZ6P8o9WW7KOcSw57xlVFEuJAZHguxfqKHwbrkCsIY/NvZW0iZHJw==

"@pixi/filter-drop-shadow@4.1.5":
  version "4.1.5"
  resolved "https://registry.yarnpkg.com/@pixi/filter-drop-shadow/-/filter-drop-shadow-4.1.5.tgz#8eb6320ac45f1b218066ffe8e46a692a2706ba5d"
  integrity sha512-3QmoLOfGGrdDKzarXcViWSMTeWlPXCuMy9M/sXFHWSTapBa4TQ6m1It4pv+2jGAty/dWG98l8/68vxlIFuqy7A==
  dependencies:
    "@pixi/filter-kawase-blur" "4.1.5"

"@pixi/filter-emboss@4.1.5":
  version "4.1.5"
  resolved "https://registry.yarnpkg.com/@pixi/filter-emboss/-/filter-emboss-4.1.5.tgz#e252bb109e2a9d0c63025e79caa0bf1fe33defbc"
  integrity sha512-Dl5miB/cR+JopN477pBIk1RHMVkUcrtPGyekh/PdgNSu5Xlp+tuBWMprBvUFcoZLlW8BtTsphjnmPMOgJugNtQ==

"@pixi/filter-fxaa@6.2.2":
  version "6.2.2"
  resolved "https://registry.npmjs.org/@pixi/filter-fxaa/-/filter-fxaa-6.2.2.tgz"
  integrity sha512-e4qekMlsiEcjV0JRoqH3b34sk8yzT4jsROYPHzk0IiafE+nNNcF3vQmcmnfC0aGIyODzmNdzFLjlFkRRSviydA==

"@pixi/filter-glitch@4.1.5":
  version "4.1.5"
  resolved "https://registry.yarnpkg.com/@pixi/filter-glitch/-/filter-glitch-4.1.5.tgz#b657a2a79eedc645b7a77e0afb96dbf7413c5e8b"
  integrity sha512-x7l7XbrLqCoScYfRZmy/x1/KXOGXWpf7a4fcygc+n+jIm/IFwA93KvSJx9reBQzcONl5JXBOJVnFeLYcjP5J3w==

"@pixi/filter-glow@4.1.5":
  version "4.1.5"
  resolved "https://registry.yarnpkg.com/@pixi/filter-glow/-/filter-glow-4.1.5.tgz#bd92a6eca3320b71e8c3651fea26c56480a7b640"
  integrity sha512-Km+30k1dMlmAn2QuzdR1qhGIiyRRrSLknS0aVxvFlCoIlBlSN6ii9eo2sn1FQxjJq3A977kwYrhrcZS/Y5SrwQ==

"@pixi/filter-godray@4.1.5":
  version "4.1.5"
  resolved "https://registry.yarnpkg.com/@pixi/filter-godray/-/filter-godray-4.1.5.tgz#00638291f7727810ba1b225af1ccb08cfd0682a9"
  integrity sha512-SKRXKL3iCOBMGjPcH+AbrzPirRigQVd3xC9d2RbDaLANh62qUEn6Ajmj44j19I9KpSugi+pVso74fxvFiISUhw==

"@pixi/filter-kawase-blur@4.1.5":
  version "4.1.5"
  resolved "https://registry.yarnpkg.com/@pixi/filter-kawase-blur/-/filter-kawase-blur-4.1.5.tgz#c84fd3f452bfa44aaba4cba0c43a2b6071e0c6b2"
  integrity sha512-YVzzfLoUMKYeEMuuj4TfpTJ1p14nBV/+JnWVL5dC63VuCQ1YMxzSmc6ahGNfbex0+nvhyKPWe87aO7jzX0waoA==

"@pixi/filter-motion-blur@4.1.5":
  version "4.1.5"
  resolved "https://registry.yarnpkg.com/@pixi/filter-motion-blur/-/filter-motion-blur-4.1.5.tgz#b989b06d47bf5c398c89f9616f92feee3b0bea71"
  integrity sha512-ah2ylUJ/P3NLaOHvO9vPJoUZo0tgqQ7jnR9c35bL/2ApgGfrlTeCb4sFzFaJ3IA0TiIt3ZMxK4UGMcVLWnTEmg==

"@pixi/filter-multi-color-replace@4.1.5":
  version "4.1.5"
  resolved "https://registry.yarnpkg.com/@pixi/filter-multi-color-replace/-/filter-multi-color-replace-4.1.5.tgz#f205296b5275d74f843a018c06688d4d598a06f8"
  integrity sha512-cLrTfnp/Qoa9I70VGrOWqQdFD9L0l4XkaiXIwwbajUsl/xY0LjoCZtAUrBTztgjfUF9aEZVJhGlkAaXcNDONlQ==

"@pixi/filter-noise@6.2.2":
  version "6.2.2"
  resolved "https://registry.npmjs.org/@pixi/filter-noise/-/filter-noise-6.2.2.tgz"
  integrity sha512-Jp4L6winS6ZGKpp76x3JyfEWnUMY44fQ90Ts3R3vKkZZFNDd3T4uisZ7YwvDKOhmSo5hY3lQkXaCg/YO5feXbw==

"@pixi/filter-old-film@4.1.5":
  version "4.1.5"
  resolved "https://registry.yarnpkg.com/@pixi/filter-old-film/-/filter-old-film-4.1.5.tgz#2aae40cb1abb4e7692a70c4c0beab15f6ac895cc"
  integrity sha512-ea5xgapjr3zcYFiY7s2yQjLR5QDEZK7IIG3KT8RXVgODCCy1oI/lUP1dJFbCoGR6u22KgJavFiWO8oRHE4U62A==

"@pixi/filter-outline@4.1.5":
  version "4.1.5"
  resolved "https://registry.yarnpkg.com/@pixi/filter-outline/-/filter-outline-4.1.5.tgz#d44f63fb40e80ea8719a4f72a8f5453c1244b515"
  integrity sha512-tm0lQR5fGFz0g7GQamRGhf5vkzj4aYLTv0MCK98KaK1L45agzRioJgzicVkuSu6J/SMMvT4O6XSGax0z4fTs9Q==

"@pixi/filter-pixelate@4.1.3":
  version "4.1.3"
  resolved "https://registry.yarnpkg.com/@pixi/filter-pixelate/-/filter-pixelate-4.1.3.tgz#8200ccf4e47803a5b2f86ab3a755d438769b0e37"
  integrity sha512-1YEc46GO08C2nc54P/9yxWH7TaVTNoJe+EEvuXKiSITVadr4fEizkm607m+VAt6Ngv6bYpCAxO36HoRTFf3mAw==

"@pixi/filter-radial-blur@4.1.5":
  version "4.1.5"
  resolved "https://registry.yarnpkg.com/@pixi/filter-radial-blur/-/filter-radial-blur-4.1.5.tgz#ac4fbb513e5056bdc9a4f518a02f2d715061f874"
  integrity sha512-CcJQyLADa7wSqH9gEiR2luqb1DbTDKDM5zjg7Eyy9XGjHl3bKMq8Njy4q3sR7jrf9rkPa0ouuTvTwFI9Fdj5VA==

"@pixi/filter-reflection@4.1.5":
  version "4.1.5"
  resolved "https://registry.yarnpkg.com/@pixi/filter-reflection/-/filter-reflection-4.1.5.tgz#a73f18a2b2c336e6b0a1f048343196f155e91e2e"
  integrity sha512-g+L4newRZa6GmozWEgAnilLi4xAygqyJYafGGvL588UYIVPtHbm7g7/SQyhSbuXNIMF2Semu0BDSl9IW24txEQ==

"@pixi/filter-rgb-split@4.1.3":
  version "4.1.3"
  resolved "https://registry.yarnpkg.com/@pixi/filter-rgb-split/-/filter-rgb-split-4.1.3.tgz#dfe68d36cf344b2644ceee9fd50f1bd970639b12"
  integrity sha512-oPbDz5PlpDqJh8+Z87k9l3mZQCcyZTU1/45hd5Y9H+CoTWsBGcRE7jJFUVW4TjDPlTjVCkBXkOgbz1fVzPPhFg==

"@pixi/filter-shockwave@4.1.5":
  version "4.1.5"
  resolved "https://registry.yarnpkg.com/@pixi/filter-shockwave/-/filter-shockwave-4.1.5.tgz#2500f52f0ef77d790bc4890cc6d32c3a88bdf0c5"
  integrity sha512-L9i12+2UIIIwxGdXeBBq1WNTexWgwdYIyq6NqG0dlet1qW8++4KxgLYERCT1lpPjDxUmD2SkOU9VR3sGJOP8pQ==

"@pixi/filter-simple-lightmap@4.1.5":
  version "4.1.5"
  resolved "https://registry.yarnpkg.com/@pixi/filter-simple-lightmap/-/filter-simple-lightmap-4.1.5.tgz#6b6c35e4e3f6079091d494aab2394f88b203c31c"
  integrity sha512-uwbHIWHc7sgTzS8vHITy4BiU4s2ZmmV00cvqVbpTYlL0YrqgYHbXF9ZYoF601YTV4VMYIi0IazRQEZgHifUUWg==

"@pixi/filter-tilt-shift@4.1.5":
  version "4.1.5"
  resolved "https://registry.yarnpkg.com/@pixi/filter-tilt-shift/-/filter-tilt-shift-4.1.5.tgz#cbdf2c658648ca50f2250ef0efe7eacf04ed8d5d"
  integrity sha512-6dJa40UJ+Dtd7D64aS7N0zv92rdkKCBUaG2eUNQR7Xufo+Vm3u8+y7DpDgcNPWPjL30K6oedGiOtc6V6T/qfqQ==

"@pixi/filter-twist@4.1.5":
  version "4.1.5"
  resolved "https://registry.yarnpkg.com/@pixi/filter-twist/-/filter-twist-4.1.5.tgz#1baaa591ad50b85fcacc1a201150470f6a8dd2ca"
  integrity sha512-O5GNcAm3cxFZe+s6tpN40MAl/NEpRbqlgTx2YAw6ZhJP2/pZ0eTu68qLNloAmOIwp0FksfOupt/WVrW4zzZBYA==

"@pixi/filter-zoom-blur@4.1.5":
  version "4.1.5"
  resolved "https://registry.yarnpkg.com/@pixi/filter-zoom-blur/-/filter-zoom-blur-4.1.5.tgz#7602636fc6b19c0c0f26cc4db26fb838593e5ae8"
  integrity sha512-peynWrG88pF4GYXLLmrQFc1tl/yZWkE0Vken4i0I2rpwvUPkyzYPgMYeRUG+/DsP/q+5+dopnzHOrrdJORgF2w==

"@pixi/graphics@6.2.2":
  version "6.2.2"
  resolved "https://registry.npmjs.org/@pixi/graphics/-/graphics-6.2.2.tgz"
  integrity sha512-mQyd6ef6/EF5nt7M1OObBEb9FCXxIP6AT30H01Z2wnnCgu4qj8MHrJxTkQxSHynQ+eVVPswzpVizUQZHlIYZNw==

"@pixi/interaction@6.2.2":
  version "6.2.2"
  resolved "https://registry.npmjs.org/@pixi/interaction/-/interaction-6.2.2.tgz"
  integrity sha512-gpNLCPc+j+RZSZqbKbzVRf4fSlOlYm0xqUVn6JtNH1kc+d9AV7Nmw9but4osP/eodDWsWPQ+7sPKClHY36bKRA==

"@pixi/loaders@6.2.2":
  version "6.2.2"
  resolved "https://registry.npmjs.org/@pixi/loaders/-/loaders-6.2.2.tgz"
  integrity sha512-jwFM59GeMQpzuniw5PlC7kCoXZEaKrw31/ecR1sXKWDtHRyMtvXTuf+R+tSol/1ISQ55c0JBTuUbLPwp7hPvFQ==

"@pixi/math@6.2.2":
  version "6.2.2"
  resolved "https://registry.npmjs.org/@pixi/math/-/math-6.2.2.tgz"
  integrity sha512-TtsaooRRMc/WAZ4LKUDhP/d14BZElLjRNa2gopwTKUtrDa1KvzAMr8WJ8P+gaXl4DJ8B/MlgESdPhRUqVSUw0A==

"@pixi/mesh-extras@6.2.2":
  version "6.2.2"
  resolved "https://registry.npmjs.org/@pixi/mesh-extras/-/mesh-extras-6.2.2.tgz"
  integrity sha512-HFYWhWcV6gY7VYnMhz9OSEN14PPfVqLzWnglbegGEMqCbY/ZGsD8X99x/HLGQGd6L4FFto382q0Fj1xu+y/brg==

"@pixi/mesh@6.2.2":
  version "6.2.2"
  resolved "https://registry.npmjs.org/@pixi/mesh/-/mesh-6.2.2.tgz"
  integrity sha512-CsKFgTu2MP756sHeoCr9s4tHy2VmnDZPnvZ0ThV8QMnb5w3Z2qRDKlXSSIdNaQOxoAPKkqxIu0JbLK8kyX0oqw==

"@pixi/mixin-cache-as-bitmap@6.2.2":
  version "6.2.2"
  resolved "https://registry.npmjs.org/@pixi/mixin-cache-as-bitmap/-/mixin-cache-as-bitmap-6.2.2.tgz"
  integrity sha512-t3jZKGa/qoRMetMWmGkXz8Kp1Uzmb+2y4/adqu+RdIeG3D1oItuGux+R36ZQO6dVRv3R8s2/Dex0aACek171zw==

"@pixi/mixin-get-child-by-name@6.2.2":
  version "6.2.2"
  resolved "https://registry.npmjs.org/@pixi/mixin-get-child-by-name/-/mixin-get-child-by-name-6.2.2.tgz"
  integrity sha512-BBrniLAkzDex4HyvVdE/DjphzQu4pZ8Nc5aDRIbiS1s283/IXr2oTcoaW23kCjhX0xgu++XcJQQMMyv3mlblZQ==

"@pixi/mixin-get-global-position@6.2.2":
  version "6.2.2"
  resolved "https://registry.npmjs.org/@pixi/mixin-get-global-position/-/mixin-get-global-position-6.2.2.tgz"
  integrity sha512-Rz7DHn6koYFEeVG36rKiMwoTD+elJKqwQ24HHw0BAKz1VwGagBi0ZTcJ+nWplBOrw6ZPKfdOBwGQLXD7ODg8lQ==

"@pixi/particle-container@6.2.2":
  version "6.2.2"
  resolved "https://registry.npmjs.org/@pixi/particle-container/-/particle-container-6.2.2.tgz"
  integrity sha512-DYbSCcUiVLeM4sKZkzAp3F6dz3idyP1jecxbFqNmRjWRyMv7uXIO42rxGJMrd6BzA5j7DkywI3X0SqhhSZP7Ag==

"@pixi/polyfill@6.2.2":
  version "6.2.2"
  resolved "https://registry.npmjs.org/@pixi/polyfill/-/polyfill-6.2.2.tgz"
  integrity sha512-Fd5KnjrqG9Vwgl9sDfPvNeqW3/d+hG9Du7H3y5PmItBnu9wXldTtA+I5D0BLsL/wjjjCQLbPVFKwCJj511XfBw==
  dependencies:
    object-assign "^4.1.1"
    promise-polyfill "^8.2.0"

"@pixi/prepare@6.2.2":
  version "6.2.2"
  resolved "https://registry.npmjs.org/@pixi/prepare/-/prepare-6.2.2.tgz"
  integrity sha512-kJojn/6zEcao+XQyU+zWkBmQr0Tgeju3F9JYBpPQ8MKIUJYvDQDtRxYo9A6Xzxk8FJ373s2Ext/OelX2FcR3HQ==

"@pixi/runner@6.2.2":
  version "6.2.2"
  resolved "https://registry.npmjs.org/@pixi/runner/-/runner-6.2.2.tgz"
  integrity sha512-q7bc6Eu2XplGzCQBOhbv32P0z48ixW/Su6epT9IOfDi2iTiPjB5Sxp9e+DZDFIzvkfLzgr67Ddy51YMvOp5sQg==

"@pixi/settings@6.2.2":
  version "6.2.2"
  resolved "https://registry.npmjs.org/@pixi/settings/-/settings-6.2.2.tgz"
  integrity sha512-eQv0ykSwnJUd/LF4MuaFoL+eBNG+EUPAVfsnlsez/Y09aqwIzJyAjRx+uGp9adQ3XHXwYt2l2wINn+foF1y/8A==
  dependencies:
    ismobilejs "^1.1.0"

"@pixi/sprite-animated@6.2.2":
  version "6.2.2"
  resolved "https://registry.npmjs.org/@pixi/sprite-animated/-/sprite-animated-6.2.2.tgz"
  integrity sha512-MNkVIuC06aXn8bgfWyqQE8vmclCVLgmHB//hssr/1IFCVmnEEYZLyeWErkIA87grY3iV7tGOILEYSa3pod4XEg==

"@pixi/sprite-tiling@6.2.2":
  version "6.2.2"
  resolved "https://registry.npmjs.org/@pixi/sprite-tiling/-/sprite-tiling-6.2.2.tgz"
  integrity sha512-HQ9RVObmwyPq+PM2wm2UEIMdsvWg96ymSz0NOh9bOfMSme18vSWv0Rbidv/FziQT8x6MpoLpYke0DYMGtbu0tA==

"@pixi/sprite@6.2.2":
  version "6.2.2"
  resolved "https://registry.npmjs.org/@pixi/sprite/-/sprite-6.2.2.tgz"
  integrity sha512-Imr+sJWFh5GtarW3FBBUzedSexfijg7OL0A6qwMDHA011gjyVeRZ15uXP8fgIwUoHoMLsU6xk85jcucM9RfWuw==

"@pixi/spritesheet@6.2.2":
  version "6.2.2"
  resolved "https://registry.npmjs.org/@pixi/spritesheet/-/spritesheet-6.2.2.tgz"
  integrity sha512-TZodC/pf+CW/8kZN+RPzObXWSPgYv1pp+foUnOHb7w8AyFnMljeqBPiUfLQaMzw91TI9AHLihoeeofqZ4wMpww==

"@pixi/text-bitmap@6.2.2":
  version "6.2.2"
  resolved "https://registry.npmjs.org/@pixi/text-bitmap/-/text-bitmap-6.2.2.tgz"
  integrity sha512-pJZM0o68n6cUFUdolvpuuloMccdQqvTc3CLzhLu9xW9HLx7NeFjZEQWTGQea8GXsGa1RhvlMd9x3AiVSNMI2FA==

"@pixi/text@6.2.2":
  version "6.2.2"
  resolved "https://registry.npmjs.org/@pixi/text/-/text-6.2.2.tgz"
  integrity sha512-Hi6MO/QhllZ4IWkr7MBzImzHB88XXKlF5E9xt1vUBhdZb3KsQD+cPx+bNCFWn6ZMWDmOloJekzRkkSl3KrfBSw==

"@pixi/ticker@6.2.2":
  version "6.2.2"
  resolved "https://registry.npmjs.org/@pixi/ticker/-/ticker-6.2.2.tgz"
  integrity sha512-tF3cRtcYnj3U3HFQ0IJKvAxFU1YUM96T0p8Qh478xZhvGxYGnjrQDPmjXePb4NocAdG5adb6//2uvQOd7o4rHg==

"@pixi/utils@6.2.2":
  version "6.2.2"
  resolved "https://registry.npmjs.org/@pixi/utils/-/utils-6.2.2.tgz"
  integrity sha512-rpS6QolFuRmm/QcKm5PYHOCkX6okl9a00u2osaMbmPP+l7XLATTxSsFhw64UbSNR+zmzsrhreRFBVFn3tf8K6w==
  dependencies:
    "@types/earcut" "^2.1.0"
    earcut "^2.2.2"
    eventemitter3 "^3.1.0"
    url "^0.11.0"

"@types/dat.gui@^0.7.7":
  version "0.7.7"
  resolved "https://registry.npmjs.org/@types/dat.gui/-/dat.gui-0.7.7.tgz"
  integrity sha512-CxLCme0He5Jk3uQwfO/fGZMyNhb/ypANzqX0yU9lviBQMlen5SOvQTBQ/Cd9x5mFlUAK5Tk8RgvTyLj1nYkz+w==

"@types/earcut@^2.1.0":
  version "2.1.1"
  resolved "https://registry.npmjs.org/@types/earcut/-/earcut-2.1.1.tgz"
  integrity sha512-w8oigUCDjElRHRRrMvn/spybSMyX8MTkKA5Dv+tS1IE/TgmNZPqUYtvYBXGY8cieSE66gm+szeK+bnbxC2xHTQ==

"@types/offscreencanvas@^2019.6.4":
  version "2019.6.4"
  resolved "https://registry.npmjs.org/@types/offscreencanvas/-/offscreencanvas-2019.6.4.tgz"
  integrity sha512-u8SAgdZ8ROtkTF+mfZGOscl0or6BSj9A4g37e6nvxDc+YB/oDut0wHkK2PBBiC2bNR8TS0CPV+1gAk4fNisr1Q==

dat.gui@^0.7.7:
  version "0.7.7"
  resolved "https://registry.npmjs.org/dat.gui/-/dat.gui-0.7.7.tgz"
  integrity sha512-sRl/28gF/XRC5ywC9I4zriATTsQcpSsRG7seXCPnTkK8/EQMIbCu5NPMpICLGxX9ZEUvcXR3ArLYCtgreFoMDw==

earcut@^2.2.2:
  version "2.2.3"
  resolved "https://registry.npmjs.org/earcut/-/earcut-2.2.3.tgz"
  integrity sha512-iRDI1QeCQIhMCZk48DRDMVgQSSBDmbzzNhnxIo+pwx3swkfjMh6vh0nWLq1NdvGHLKH6wIrAM3vQWeTj6qeoug==

esbuild-android-arm64@0.13.15:
  version "0.13.15"
  resolved "https://registry.yarnpkg.com/esbuild-android-arm64/-/esbuild-android-arm64-0.13.15.tgz#3fc3ff0bab76fe35dd237476b5d2b32bb20a3d44"
  integrity sha512-m602nft/XXeO8YQPUDVoHfjyRVPdPgjyyXOxZ44MK/agewFFkPa8tUo6lAzSWh5Ui5PB4KR9UIFTSBKh/RrCmg==

esbuild-darwin-64@0.13.15:
  version "0.13.15"
  resolved "https://registry.yarnpkg.com/esbuild-darwin-64/-/esbuild-darwin-64-0.13.15.tgz#8e9169c16baf444eacec60d09b24d11b255a8e72"
  integrity sha512-ihOQRGs2yyp7t5bArCwnvn2Atr6X4axqPpEdCFPVp7iUj4cVSdisgvEKdNR7yH3JDjW6aQDw40iQFoTqejqxvQ==

esbuild-darwin-arm64@0.13.15:
  version "0.13.15"
  resolved "https://registry.yarnpkg.com/esbuild-darwin-arm64/-/esbuild-darwin-arm64-0.13.15.tgz#1b07f893b632114f805e188ddfca41b2b778229a"
  integrity sha512-i1FZssTVxUqNlJ6cBTj5YQj4imWy3m49RZRnHhLpefFIh0To05ow9DTrXROTE1urGTQCloFUXTX8QfGJy1P8dQ==

esbuild-freebsd-64@0.13.15:
  version "0.13.15"
  resolved "https://registry.yarnpkg.com/esbuild-freebsd-64/-/esbuild-freebsd-64-0.13.15.tgz#0b8b7eca1690c8ec94c75680c38c07269c1f4a85"
  integrity sha512-G3dLBXUI6lC6Z09/x+WtXBXbOYQZ0E8TDBqvn7aMaOCzryJs8LyVXKY4CPnHFXZAbSwkCbqiPuSQ1+HhrNk7EA==

esbuild-freebsd-arm64@0.13.15:
  version "0.13.15"
  resolved "https://registry.yarnpkg.com/esbuild-freebsd-arm64/-/esbuild-freebsd-arm64-0.13.15.tgz#2e1a6c696bfdcd20a99578b76350b41db1934e52"
  integrity sha512-KJx0fzEDf1uhNOZQStV4ujg30WlnwqUASaGSFPhznLM/bbheu9HhqZ6mJJZM32lkyfGJikw0jg7v3S0oAvtvQQ==

esbuild-linux-32@0.13.15:
  version "0.13.15"
  resolved "https://registry.yarnpkg.com/esbuild-linux-32/-/esbuild-linux-32-0.13.15.tgz#6fd39f36fc66dd45b6b5f515728c7bbebc342a69"
  integrity sha512-ZvTBPk0YWCLMCXiFmD5EUtB30zIPvC5Itxz0mdTu/xZBbbHJftQgLWY49wEPSn2T/TxahYCRDWun5smRa0Tu+g==

esbuild-linux-64@0.13.15:
  version "0.13.15"
  resolved "https://registry.yarnpkg.com/esbuild-linux-64/-/esbuild-linux-64-0.13.15.tgz#9cb8e4bcd7574e67946e4ee5f1f1e12386bb6dd3"
  integrity sha512-eCKzkNSLywNeQTRBxJRQ0jxRCl2YWdMB3+PkWFo2BBQYC5mISLIVIjThNtn6HUNqua1pnvgP5xX0nHbZbPj5oA==

esbuild-linux-arm64@0.13.15:
  version "0.13.15"
  resolved "https://registry.yarnpkg.com/esbuild-linux-arm64/-/esbuild-linux-arm64-0.13.15.tgz#3891aa3704ec579a1b92d2a586122e5b6a2bfba1"
  integrity sha512-bYpuUlN6qYU9slzr/ltyLTR9YTBS7qUDymO8SV7kjeNext61OdmqFAzuVZom+OLW1HPHseBfJ/JfdSlx8oTUoA==

esbuild-linux-arm@0.13.15:
  version "0.13.15"
  resolved "https://registry.yarnpkg.com/esbuild-linux-arm/-/esbuild-linux-arm-0.13.15.tgz#8a00e99e6a0c6c9a6b7f334841364d8a2b4aecfe"
  integrity sha512-wUHttDi/ol0tD8ZgUMDH8Ef7IbDX+/UsWJOXaAyTdkT7Yy9ZBqPg8bgB/Dn3CZ9SBpNieozrPRHm0BGww7W/jA==

esbuild-linux-mips64le@0.13.15:
  version "0.13.15"
  resolved "https://registry.yarnpkg.com/esbuild-linux-mips64le/-/esbuild-linux-mips64le-0.13.15.tgz#36b07cc47c3d21e48db3bb1f4d9ef8f46aead4f7"
  integrity sha512-KlVjIG828uFPyJkO/8gKwy9RbXhCEUeFsCGOJBepUlpa7G8/SeZgncUEz/tOOUJTcWMTmFMtdd3GElGyAtbSWg==

esbuild-linux-ppc64le@0.13.15:
  version "0.13.15"
  resolved "https://registry.yarnpkg.com/esbuild-linux-ppc64le/-/esbuild-linux-ppc64le-0.13.15.tgz#f7e6bba40b9a11eb9dcae5b01550ea04670edad2"
  integrity sha512-h6gYF+OsaqEuBjeesTBtUPw0bmiDu7eAeuc2OEH9S6mV9/jPhPdhOWzdeshb0BskRZxPhxPOjqZ+/OqLcxQwEQ==

esbuild-netbsd-64@0.13.15:
  version "0.13.15"
  resolved "https://registry.yarnpkg.com/esbuild-netbsd-64/-/esbuild-netbsd-64-0.13.15.tgz#a2fedc549c2b629d580a732d840712b08d440038"
  integrity sha512-3+yE9emwoevLMyvu+iR3rsa+Xwhie7ZEHMGDQ6dkqP/ndFzRHkobHUKTe+NCApSqG5ce2z4rFu+NX/UHnxlh3w==

esbuild-openbsd-64@0.13.15:
  version "0.13.15"
  resolved "https://registry.yarnpkg.com/esbuild-openbsd-64/-/esbuild-openbsd-64-0.13.15.tgz#b22c0e5806d3a1fbf0325872037f885306b05cd7"
  integrity sha512-wTfvtwYJYAFL1fSs8yHIdf5GEE4NkbtbXtjLWjM3Cw8mmQKqsg8kTiqJ9NJQe5NX/5Qlo7Xd9r1yKMMkHllp5g==

esbuild-sunos-64@0.13.15:
  version "0.13.15"
  resolved "https://registry.yarnpkg.com/esbuild-sunos-64/-/esbuild-sunos-64-0.13.15.tgz#d0b6454a88375ee8d3964daeff55c85c91c7cef4"
  integrity sha512-lbivT9Bx3t1iWWrSnGyBP9ODriEvWDRiweAs69vI+miJoeKwHWOComSRukttbuzjZ8r1q0mQJ8Z7yUsDJ3hKdw==

esbuild-windows-32@0.13.15:
  version "0.13.15"
  resolved "https://registry.yarnpkg.com/esbuild-windows-32/-/esbuild-windows-32-0.13.15.tgz#c96d0b9bbb52f3303322582ef8e4847c5ad375a7"
  integrity sha512-fDMEf2g3SsJ599MBr50cY5ve5lP1wyVwTe6aLJsM01KtxyKkB4UT+fc5MXQFn3RLrAIAZOG+tHC+yXObpSn7Nw==

esbuild-windows-64@0.13.15:
  version "0.13.15"
  resolved "https://registry.npmjs.org/esbuild-windows-64/-/esbuild-windows-64-0.13.15.tgz"
  integrity sha512-9aMsPRGDWCd3bGjUIKG/ZOJPKsiztlxl/Q3C1XDswO6eNX/Jtwu4M+jb6YDH9hRSUflQWX0XKAfWzgy5Wk54JQ==

esbuild-windows-arm64@0.13.15:
  version "0.13.15"
  resolved "https://registry.yarnpkg.com/esbuild-windows-arm64/-/esbuild-windows-arm64-0.13.15.tgz#482173070810df22a752c686509c370c3be3b3c3"
  integrity sha512-zzvyCVVpbwQQATaf3IG8mu1IwGEiDxKkYUdA4FpoCHi1KtPa13jeScYDjlW0Qh+ebWzpKfR2ZwvqAQkSWNcKjA==

esbuild@^0.13.12:
  version "0.13.15"
  resolved "https://registry.npmjs.org/esbuild/-/esbuild-0.13.15.tgz"
  integrity sha512-raCxt02HBKv8RJxE8vkTSCXGIyKHdEdGfUmiYb8wnabnaEmHzyW7DCHb5tEN0xU8ryqg5xw54mcwnYkC4x3AIw==
  optionalDependencies:
    esbuild-android-arm64 "0.13.15"
    esbuild-darwin-64 "0.13.15"
    esbuild-darwin-arm64 "0.13.15"
    esbuild-freebsd-64 "0.13.15"
    esbuild-freebsd-arm64 "0.13.15"
    esbuild-linux-32 "0.13.15"
    esbuild-linux-64 "0.13.15"
    esbuild-linux-arm "0.13.15"
    esbuild-linux-arm64 "0.13.15"
    esbuild-linux-mips64le "0.13.15"
    esbuild-linux-ppc64le "0.13.15"
    esbuild-netbsd-64 "0.13.15"
    esbuild-openbsd-64 "0.13.15"
    esbuild-sunos-64 "0.13.15"
    esbuild-windows-32 "0.13.15"
    esbuild-windows-64 "0.13.15"
    esbuild-windows-arm64 "0.13.15"

eventemitter3@^3.1.0:
  version "3.1.2"
  resolved "https://registry.npmjs.org/eventemitter3/-/eventemitter3-3.1.2.tgz"
  integrity sha512-tvtQIeLVHjDkJYnzf2dgVMxfuSGJeM/7UCG17TT4EumTfNtF+0nebF/4zWOIkCreAbtNqhGEboB6BWrwqNaw4Q==

fsevents@~2.3.2:
  version "2.3.2"
  resolved "https://registry.yarnpkg.com/fsevents/-/fsevents-2.3.2.tgz#8a526f78b8fdf4623b709e0b975c52c24c02fd1a"
  integrity sha512-xiqMQR4xAeHTuB9uWm+fFRcIOgKBMiOBP+eXiyT7jsgVCq1bkVygt00oASowB7EdtpOHaaPgKt812P9ab+DDKA==

function-bind@^1.1.1:
  version "1.1.1"
  resolved "https://registry.npmjs.org/function-bind/-/function-bind-1.1.1.tgz"
  integrity sha512-yIovAzMX49sF8Yl58fSCWJ5svSLuaibPxXQJFLmBObTuCr0Mf1KiPopGM9NiFjiYBCbfaa2Fh6breQ6ANVTI0A==

gsap@^3.9.1:
  version "3.9.1"
  resolved "https://registry.npmjs.org/gsap/-/gsap-3.9.1.tgz"
  integrity sha512-JSGVYoC6da4pIjdF/yxFU6Rz8OojOIDkbooveZlfNg0+JIoFoRruyfWAEi6R/gUeNcuOiTqUIb0gi1nCNrHf8w==

has@^1.0.3:
  version "1.0.3"
  resolved "https://registry.npmjs.org/has/-/has-1.0.3.tgz"
  integrity sha512-f2dvO0VU6Oej7RkWJGrehjbzMAjFp5/VKPp5tTpWIV4JHHZK1/BxbFRtf/siA2SWTe09caDmVtYYzWEIbBS4zw==
  dependencies:
    function-bind "^1.1.1"

is-core-module@^2.2.0:
  version "2.8.0"
  resolved "https://registry.npmjs.org/is-core-module/-/is-core-module-2.8.0.tgz"
  integrity sha512-vd15qHsaqrRL7dtH6QNuy0ndJmRDrS9HAM1CAiSifNUFv4x1a0CCVsj18hJ1mShxIG6T2i1sO78MkP56r0nYRw==
  dependencies:
    has "^1.0.3"

ismobilejs@^1.1.0:
  version "1.1.1"
  resolved "https://registry.npmjs.org/ismobilejs/-/ismobilejs-1.1.1.tgz"
  integrity sha512-VaFW53yt8QO61k2WJui0dHf4SlL8lxBofUuUmwBo0ljPk0Drz2TiuDW4jo3wDcv41qy/SxrJ+VAzJ/qYqsmzRw==

nanoid@^3.1.30:
  version "3.2.0"
  resolved "https://registry.npmjs.org/nanoid/-/nanoid-3.2.0.tgz"
  integrity sha512-fmsZYa9lpn69Ad5eDn7FMcnnSR+8R34W9qJEijxYhTbfOWzr22n1QxCMzXLK+ODyW2973V3Fux959iQoUxzUIA==

object-assign@^4.1.1:
  version "4.1.1"
  resolved "https://registry.npmjs.org/object-assign/-/object-assign-4.1.1.tgz"
  integrity sha1-IQmtx5ZYh8/AXLvUQsrIv7s2CGM=

path-parse@^1.0.6:
  version "1.0.7"
  resolved "https://registry.npmjs.org/path-parse/-/path-parse-1.0.7.tgz"
  integrity sha512-LDJzPVEEEPR+y48z93A0Ed0yXb8pAByGWo/k5YYdYgpY2/2EsOsksJrq7lOHxryrVOn1ejG6oAp8ahvOIQD8sw==

picocolors@^1.0.0:
  version "1.0.0"
  resolved "https://registry.npmjs.org/picocolors/-/picocolors-1.0.0.tgz"
  integrity sha512-1fygroTLlHu66zi26VoTDv8yRgm0Fccecssto+MhsZ0D/DGW2sm8E8AjW7NU5VVTRt5GxbeZ5qBuJr+HyLYkjQ==

pixi-filters@^4.1.6:
  version "4.1.6"
  resolved "https://registry.yarnpkg.com/pixi-filters/-/pixi-filters-4.1.6.tgz#bdb9b93cc95fe61c2975ee5695860a98320ba416"
  integrity sha512-gzdU/DrpbChVxHpdc4D3zrLI0em7P2uexwJzRthfwksjfPvQeDOwb8Vyi34cIBhWKJ9z5bBZlDTGoe2CZocWEw==
  dependencies:
    "@pixi/filter-adjustment" "4.1.3"
    "@pixi/filter-advanced-bloom" "4.1.5"
    "@pixi/filter-ascii" "4.1.5"
    "@pixi/filter-bevel" "4.1.5"
    "@pixi/filter-bloom" "4.1.5"
    "@pixi/filter-bulge-pinch" "4.1.5"
    "@pixi/filter-color-map" "4.1.5"
    "@pixi/filter-color-overlay" "4.1.5"
    "@pixi/filter-color-replace" "4.1.5"
    "@pixi/filter-convolution" "4.1.5"
    "@pixi/filter-cross-hatch" "4.1.3"
    "@pixi/filter-crt" "4.1.6"
    "@pixi/filter-dot" "4.1.5"
    "@pixi/filter-drop-shadow" "4.1.5"
    "@pixi/filter-emboss" "4.1.5"
    "@pixi/filter-glitch" "4.1.5"
    "@pixi/filter-glow" "4.1.5"
    "@pixi/filter-godray" "4.1.5"
    "@pixi/filter-kawase-blur" "4.1.5"
    "@pixi/filter-motion-blur" "4.1.5"
    "@pixi/filter-multi-color-replace" "4.1.5"
    "@pixi/filter-old-film" "4.1.5"
    "@pixi/filter-outline" "4.1.5"
    "@pixi/filter-pixelate" "4.1.3"
    "@pixi/filter-radial-blur" "4.1.5"
    "@pixi/filter-reflection" "4.1.5"
    "@pixi/filter-rgb-split" "4.1.3"
    "@pixi/filter-shockwave" "4.1.5"
    "@pixi/filter-simple-lightmap" "4.1.5"
    "@pixi/filter-tilt-shift" "4.1.5"
    "@pixi/filter-twist" "4.1.5"
    "@pixi/filter-zoom-blur" "4.1.5"

pixi.js@^6.2.2:
  version "6.2.2"
  resolved "https://registry.npmjs.org/pixi.js/-/pixi.js-6.2.2.tgz"
  integrity sha512-/xCnJUsWTZuacR6JYTnRbUb+5grzlqpp2O1Ub7bCZCE3FApTCs7nMNYeLfdeP+np/MlGaM+SsPh2cXcafR3OZw==
  dependencies:
    "@pixi/accessibility" "6.2.2"
    "@pixi/app" "6.2.2"
    "@pixi/compressed-textures" "6.2.2"
    "@pixi/constants" "6.2.2"
    "@pixi/core" "6.2.2"
    "@pixi/display" "6.2.2"
    "@pixi/extract" "6.2.2"
    "@pixi/filter-alpha" "6.2.2"
    "@pixi/filter-blur" "6.2.2"
    "@pixi/filter-color-matrix" "6.2.2"
    "@pixi/filter-displacement" "6.2.2"
    "@pixi/filter-fxaa" "6.2.2"
    "@pixi/filter-noise" "6.2.2"
    "@pixi/graphics" "6.2.2"
    "@pixi/interaction" "6.2.2"
    "@pixi/loaders" "6.2.2"
    "@pixi/math" "6.2.2"
    "@pixi/mesh" "6.2.2"
    "@pixi/mesh-extras" "6.2.2"
    "@pixi/mixin-cache-as-bitmap" "6.2.2"
    "@pixi/mixin-get-child-by-name" "6.2.2"
    "@pixi/mixin-get-global-position" "6.2.2"
    "@pixi/particle-container" "6.2.2"
    "@pixi/polyfill" "6.2.2"
    "@pixi/prepare" "6.2.2"
    "@pixi/runner" "6.2.2"
    "@pixi/settings" "6.2.2"
    "@pixi/sprite" "6.2.2"
    "@pixi/sprite-animated" "6.2.2"
    "@pixi/sprite-tiling" "6.2.2"
    "@pixi/spritesheet" "6.2.2"
    "@pixi/text" "6.2.2"
    "@pixi/text-bitmap" "6.2.2"
    "@pixi/ticker" "6.2.2"
    "@pixi/utils" "6.2.2"

postcss@^8.3.11:
  version "8.4.5"
  resolved "https://registry.npmjs.org/postcss/-/postcss-8.4.5.tgz"
  integrity sha512-jBDboWM8qpaqwkMwItqTQTiFikhs/67OYVvblFFTM7MrZjt6yMKd6r2kgXizEbTTljacm4NldIlZnhbjr84QYg==
  dependencies:
    nanoid "^3.1.30"
    picocolors "^1.0.0"
    source-map-js "^1.0.1"

promise-polyfill@^8.2.0:
  version "8.2.1"
  resolved "https://registry.npmjs.org/promise-polyfill/-/promise-polyfill-8.2.1.tgz"
  integrity sha512-3p9zj0cEHbp7NVUxEYUWjQlffXqnXaZIMPkAO7HhFh8u5636xLRDHOUo2vpWSK0T2mqm6fKLXYn1KP6PAZ2gKg==

punycode@1.3.2:
  version "1.3.2"
  resolved "https://registry.npmjs.org/punycode/-/punycode-1.3.2.tgz"
  integrity sha1-llOgNvt8HuQjQvIyXM7v6jkmxI0=

querystring@0.2.0:
  version "0.2.0"
  resolved "https://registry.npmjs.org/querystring/-/querystring-0.2.0.tgz"
  integrity sha1-sgmEkgO7Jd+CDadW50cAWHhSFiA=

resolve@^1.20.0:
  version "1.20.0"
  resolved "https://registry.npmjs.org/resolve/-/resolve-1.20.0.tgz"
  integrity sha512-wENBPt4ySzg4ybFQW2TT1zMQucPK95HSh/nq2CFTZVOGut2+pQvSsgtda4d26YrYcr067wjbmzOG8byDPBX63A==
  dependencies:
    is-core-module "^2.2.0"
    path-parse "^1.0.6"

rollup@^2.59.0:
  version "2.61.1"
  resolved "https://registry.npmjs.org/rollup/-/rollup-2.61.1.tgz"
  integrity sha512-BbTXlEvB8d+XFbK/7E5doIcRtxWPRiqr0eb5vQ0+2paMM04Ye4PZY5nHOQef2ix24l/L0SpLd5hwcH15QHPdvA==
  optionalDependencies:
    fsevents "~2.3.2"

source-map-js@^1.0.1:
  version "1.0.1"
  resolved "https://registry.npmjs.org/source-map-js/-/source-map-js-1.0.1.tgz"
  integrity sha512-4+TN2b3tqOCd/kaGRJ/sTYA0tR0mdXx26ipdolxcwtJVqEnqNYvlCAt1q3ypy4QMlYus+Zh34RNtYLoq2oQ4IA==

typescript@^4.4.4:
  version "4.5.4"
  resolved "https://registry.npmjs.org/typescript/-/typescript-4.5.4.tgz"
  integrity sha512-VgYs2A2QIRuGphtzFV7aQJduJ2gyfTljngLzjpfW9FoYZF6xuw1W0vW9ghCKLfcWrCFxK81CSGRAvS1pn4fIUg==

url@^0.11.0:
  version "0.11.0"
  resolved "https://registry.npmjs.org/url/-/url-0.11.0.tgz"
  integrity sha1-ODjpfPxgUh63PFJajlW/3Z4uKPE=
  dependencies:
    punycode "1.3.2"
    querystring "0.2.0"

vite@^2.7.2:
  version "2.7.2"
  resolved "https://registry.npmjs.org/vite/-/vite-2.7.2.tgz"
  integrity sha512-wMffVVdKZRZP/HwW3yttKL8X+IJePz7bUcnGm0vqljffpVwHpjWC3duZtJQHAGvy+wrTjmwU7vkULpZ1dVXY6w==
  dependencies:
    esbuild "^0.13.12"
    postcss "^8.3.11"
    resolve "^1.20.0"
    rollup "^2.59.0"
  optionalDependencies:
    fsevents "~2.3.2"
